
Microsoft Visual Studio Solution File, Format Version 12.00
# Visual Studio 2013
VisualStudioVersion = 12.0.31101.0
MinimumVisualStudioVersion = 10.0.40219.1
Project("{9092AA53-FB77-4645-B42D-1CCCA6BD08BD}") = "NodejsApp1", "NodejsApp1.njsproj", "{94B16C93-681E-43B7-B55A-6306D41D336E}"
EndProject
Global
	GlobalSection(SolutionConfigurationPlatforms) = preSolution
		Debug|Any CPU = Debug|Any CPU
		Release|Any CPU = Release|Any CPU
	EndGlobalSection
	GlobalSection(ProjectConfigurationPlatforms) = postSolution
		{94B16C93-681E-43B7-B55A-6306D41D336E}.Debug|Any CPU.ActiveCfg = Debug|Any CPU
		{94B16C93-681E-43B7-B55A-6306D41D336E}.Debug|Any CPU.Build.0 = Debug|Any CPU
		{94B16C93-681E-43B7-B55A-6306D41D336E}.Release|Any CPU.ActiveCfg = Release|Any CPU
		{94B16C93-681E-43B7-B55A-6306D41D336E}.Release|Any CPU.Build.0 = Release|Any CPU
	EndGlobalSection
	GlobalSection(SolutionProperties) = preSolution
		HideSolutionNode = FALSE
	EndGlobalSection
EndGlobal
